<?xml version="1.0" encoding="utf-8"?>
<Project ToolsVersion="4.0" xmlns="http://schemas.microsoft.com/developer/msbuild/2003">
  <ItemGroup>
    <ClCompile Include="dllmain.cpp" />
    <ClCompile Include="isCliSaveAv.cpp" />
    <ClCompile Include="stdafx.cpp" />
    <ClCompile Include="public\saveAvProc.cpp">
      <Filter>public</Filter>
    </ClCompile>
    <ClCompile Include="public\file_h264.cpp">
      <Filter>public</Filter>
    </ClCompile>
    <ClCompile Include="public\file_webm.cpp">
      <Filter>public</Filter>
    </ClCompile>
    <ClCompile Include="isCliSaveAv_func.cpp" />
    <ClCompile Include="..\..\..\qyCommProc\qnmGuiCommProc2.cpp">
      <Filter>qyCommProc</Filter>
    </ClCompile>
    <ClCompile Include="..\..\..\qyCommProc\qyString.cpp">
      <Filter>qyCommProc</Filter>
    </ClCompile>
    <ClCompile Include="..\..\..\qyCommProc\qnmCommProc.cpp">
      <Filter>qyCommProc</Filter>
    </ClCompile>
    <ClCompile Include="..\..\..\qyCommProc\qyDmItemCommProc.cpp">
      <Filter>qyCommProc</Filter>
    </ClCompile>
    <ClCompile Include="..\..\..\qyCommProc\qyTCharCommProc.cpp">
      <Filter>qyCommProc</Filter>
    </ClCompile>
    <ClCompile Include="..\..\..\qyCommProc\qyCommProc.cpp">
      <Filter>qyCommProc</Filter>
    </ClCompile>
    <ClCompile Include="..\..\..\qyCommProc\tmpCeLib.cpp">
      <Filter>qyCommProc</Filter>
    </ClCompile>
    <ClCompile Include="..\..\..\qyCommProc\qwmDynFunc.cpp">
      <Filter>qyCommProc</Filter>
    </ClCompile>
    <ClCompile Include="..\..\..\qyCustom\qyCusResHelp.cpp">
      <Filter>qyCustom</Filter>
    </ClCompile>
    <ClCompile Include="..\..\..\qyCommProc\qyLangCommProc.cpp">
      <Filter>qyCommProc</Filter>
    </ClCompile>
    <ClCompile Include="..\public\qmcFunc.cpp">
      <Filter>qyMcMainPublic_isCli\public</Filter>
    </ClCompile>
    <ClCompile Include="..\..\..\qyCommProc\qyThread.cpp">
      <Filter>qyCommProc</Filter>
    </ClCompile>
    <ClCompile Include="..\..\..\qyCommProc\qySyncCommProc.cpp">
      <Filter>qyCommProc</Filter>
    </ClCompile>
    <ClCompile Include="..\public_isCli\getTalkerDesc.cpp">
      <Filter>qyMcMainPublic_isCli\public_isCli</Filter>
    </ClCompile>
    <ClCompile Include="..\..\..\qyCommProc\QnmDb.cpp">
      <Filter>qyCommProc</Filter>
    </ClCompile>
    <ClCompile Include="..\..\..\..\..\qyOpen\qyCommProc_open\qySyncObj.cpp">
      <Filter>qyOpen\qyCommProc_open</Filter>
    </ClCompile>
    <ClCompile Include="..\..\..\qyCustom\qnmCustomComm.cpp">
      <Filter>qyCustom</Filter>
    </ClCompile>
    <ClCompile Include="..\..\..\qyCommProc\tmpLib.cpp">
      <Filter>qyCommProc</Filter>
    </ClCompile>
    <ClCompile Include="..\..\..\qyCommProc_mis\isProtocolFunc.cpp">
      <Filter>qyCommProc_mis</Filter>
    </ClCompile>
    <ClCompile Include="..\..\..\qyCommProc\qnmFwCommProc.cpp">
      <Filter>qyCommProc</Filter>
    </ClCompile>
    <ClCompile Include="..\..\..\..\..\qyOpen\qyCommProc_open\parseSpsPps.cpp">
      <Filter>qyOpen\qyCommProc_open</Filter>
    </ClCompile>
    <ClCompile Include="..\..\..\qyCommProc_mis\qnmCommProc_mis.cpp">
      <Filter>qyCommProc_mis</Filter>
    </ClCompile>
    <ClCompile Include="..\..\..\qyCommProc\qwmNetworkStatusCommProc.cpp">
      <Filter>qyCommProc</Filter>
    </ClCompile>
    <ClCompile Include="..\..\..\qyCommProc\qnmOsAuditCommProc.cpp">
      <Filter>qyCommProc</Filter>
    </ClCompile>
    <ClCompile Include="..\..\..\qyCommProc_mis\qyMsgFunc.cpp">
      <Filter>qyCommProc_mis</Filter>
    </ClCompile>
    <ClCompile Include="..\..\..\qyCommProc_mis\isTmpFunc.cpp">
      <Filter>qyCommProc_mis</Filter>
    </ClCompile>
    <ClCompile Include="..\..\..\qyCommProc_mis\qyWmComm_is.cpp">
      <Filter>qyCommProc_mis</Filter>
    </ClCompile>
    <ClCompile Include="public\file_qvcf.cpp">
      <Filter>public</Filter>
    </ClCompile>
    <ClCompile Include="public\saveAvProc_qvcf.cpp">
      <Filter>public</Filter>
    </ClCompile>
    <ClCompile Include="..\public_isCli\qvcf\qvcf_readFunc.cpp">
      <Filter>qyMcMainPublic_isCli\public_isCli\qvcf</Filter>
    </ClCompile>
    <ClCompile Include="..\public_isCli\qvcf\qvcf_writeFunc.cpp">
      <Filter>qyMcMainPublic_isCli\public_isCli\qvcf</Filter>
    </ClCompile>
    <ClCompile Include="..\public_isCli\qvcf\qvcf_func.cpp">
      <Filter>qyMcMainPublic_isCli\public_isCli\qvcf</Filter>
    </ClCompile>
    <ClCompile Include="..\public_isCli\taskAvFunc.cpp">
      <Filter>qyMcMainPublic_isCli\public_isCli</Filter>
    </ClCompile>
    <ClCompile Include="..\public\qmcVideoFunc.cpp">
      <Filter>qyMcMainPublic_isCli\public</Filter>
    </ClCompile>
  </ItemGroup>
  <ItemGroup>
    <ClInclude Include="stdafx.h" />
    <ClInclude Include="targetver.h" />
    <ClInclude Include="include\isCliSaveAvCommon.h">
      <Filter>include</Filter>
    </ClInclude>
    <ClInclude Include="..\..\..\qyCommProc\INCLUDE\qyThread.h">
      <Filter>qyCommProc\include</Filter>
    </ClInclude>
    <ClInclude Include="resource.h" />
  </ItemGroup>
  <ItemGroup>
    <None Include="ReadMe.txt" />
  </ItemGroup>
  <ItemGroup>
    <Filter Include="public">
      <UniqueIdentifier>{2141a425-9370-4964-8c18-6f7f881262c1}</UniqueIdentifier>
    </Filter>
    <Filter Include="include">
      <UniqueIdentifier>{5a3657db-b93c-434c-aa8c-a0567579acf0}</UniqueIdentifier>
    </Filter>
    <Filter Include="qyMcMainPublic_isCli">
      <UniqueIdentifier>{32691830-dd5e-4637-a2af-f4e7a0b9047f}</UniqueIdentifier>
    </Filter>
    <Filter Include="qyMcMainPublic_isCli\public_isCli">
      <UniqueIdentifier>{46b384a3-d546-4f30-8e62-838359ef82c5}</UniqueIdentifier>
    </Filter>
    <Filter Include="qyCommProc">
      <UniqueIdentifier>{64c1eb26-0b27-4a68-b37b-8f51f3f3a0ac}</UniqueIdentifier>
    </Filter>
    <Filter Include="qyCustom">
      <UniqueIdentifier>{8276fea0-44c4-42e6-90fd-6f6da66a249c}</UniqueIdentifier>
    </Filter>
    <Filter Include="qyMcMainPublic_isCli\public">
      <UniqueIdentifier>{6225be2b-88bb-4762-8649-77c6133af819}</UniqueIdentifier>
    </Filter>
    <Filter Include="qyCommProc\include">
      <UniqueIdentifier>{1ed0b46f-f88c-492a-a487-f7e99f8c014a}</UniqueIdentifier>
    </Filter>
    <Filter Include="qyOpen">
      <UniqueIdentifier>{05a4250c-02b8-4ae4-96e5-69b91e8710d5}</UniqueIdentifier>
    </Filter>
    <Filter Include="qyOpen\include">
      <UniqueIdentifier>{cc07f027-b221-43ab-93ea-2c8437c8627a}</UniqueIdentifier>
    </Filter>
    <Filter Include="qyOpen\qyCommProc_open">
      <UniqueIdentifier>{781afc2b-60dc-44bc-bff5-97044874034e}</UniqueIdentifier>
    </Filter>
    <Filter Include="qyCommProc_mis">
      <UniqueIdentifier>{e755d641-98a8-4a72-b3d0-5f64f522610f}</UniqueIdentifier>
    </Filter>
    <Filter Include="qyMcMainPublic_isCli\public_isCli\qvcf">
      <UniqueIdentifier>{a00e7171-7c43-436e-9260-480d406232e2}</UniqueIdentifier>
    </Filter>
  </ItemGroup>
  <ItemGroup>
    <ResourceCompile Include="isCliSaveAv.rc" />
  </ItemGroup>
</Project>