<?xml version="1.0" encoding="utf-8"?>
<Project ToolsVersion="4.0" xmlns="http://schemas.microsoft.com/developer/msbuild/2003">
  <ItemGroup>
    <ClCompile Include="..\..\..\..\..\qyOpen\qyCommProc_open\parseSpsPps.cpp" />
    <ClCompile Include="..\..\..\..\..\qyOpen\qyCommProc_open\qySyncObj.cpp" />
    <ClCompile Include="..\..\..\..\..\qyOpen\qyCommProc_open\videoFunc_open.cpp" />
    <ClCompile Include="..\..\..\..\..\qyOpen\qyCommProc_open\yv12rgb.cpp" />
    <ClCompile Include="..\..\..\qyCommProc\qnmAssetsTemp.cpp" />
    <ClCompile Include="..\..\..\qyCommProc\qnmChkCommProc.cpp" />
    <ClCompile Include="..\..\..\qyCommProc\qnmCommProc.cpp" />
    <ClCompile Include="..\..\..\qyCommProc\qnmCommProc1.cpp" />
    <ClCompile Include="..\..\..\qyCommProc\QnmDb.cpp" />
    <ClCompile Include="..\..\..\qyCommProc\qnmFwCommProc.cpp" />
    <ClCompile Include="..\..\..\qyCommProc\qnmGuiCommProc.cpp" />
    <ClCompile Include="..\..\..\qyCommProc\qnmGuiCommProc2.cpp" />
    <ClCompile Include="..\..\..\qyCommProc\qnmHotKeys.cpp" />
    <ClCompile Include="..\..\..\qyCommProc\qnmOsAuditCommProc.cpp" />
    <ClCompile Include="..\..\..\qyCommProc\qnmsCommProc.cpp" />
    <ClCompile Include="..\..\..\qyCommProc\qnmWarnCommProc.cpp" />
    <ClCompile Include="..\..\..\qyCommProc\qwmDjCommProc.cpp" />
    <ClCompile Include="..\..\..\qyCommProc\qwmDynFunc.cpp" />
    <ClCompile Include="..\..\..\qyCommProc\qwmNetworkStatusCommProc.cpp" />
    <ClCompile Include="..\..\..\qyCommProc\qwmStreamCommProc.cpp" />
    <ClCompile Include="..\..\..\qyCommProc\qyCommProc.cpp" />
    <ClCompile Include="..\..\..\qyCommProc\qyDmItemCommProc.cpp" />
    <ClCompile Include="..\..\..\qyCommProc\qyImcLogFunc.cpp" />
    <ClCompile Include="..\..\..\qyCommProc\qyImcPublic.cpp" />
    <ClCompile Include="..\..\..\qyCommProc\qyLangCommProc.cpp" />
    <ClCompile Include="..\..\..\qyCommProc\qyModuleFunc.cpp" />
    <ClCompile Include="..\..\..\qyCommProc\qyMtSock.cpp" />
    <ClCompile Include="..\..\..\qyCommProc\qySharedQ.cpp" />
    <ClCompile Include="..\..\..\qyCommProc\qyShowHintCommProc.cpp" />
    <ClCompile Include="..\..\..\qyCommProc\qySqlFuncPublic.cpp" />
    <ClCompile Include="..\..\..\qyCommProc\qyString.cpp" />
    <ClCompile Include="..\..\..\qyCommProc\qySyncCommProc.cpp" />
    <ClCompile Include="..\..\..\qyCommProc\qyTCharCommProc.cpp" />
    <ClCompile Include="..\..\..\qyCommProc\qyThread.cpp" />
    <ClCompile Include="..\..\..\qyCommProc\qyTmpMemory.cpp" />
    <ClCompile Include="..\..\..\qyCommProc\qyWnd.cpp" />
    <ClCompile Include="..\..\..\qyCommProc\syncMtCnt.cpp" />
    <ClCompile Include="..\..\..\qyCommProc\syncMtCntFunc.cpp" />
    <ClCompile Include="..\..\..\qyCommProc\tmpCeLib.cpp" />
    <ClCompile Include="..\..\..\qyCommProc\tmpLib.cpp" />
    <ClCompile Include="..\..\..\qyCommProc_db\qySqlFunc_odbc.cpp" />
    <ClCompile Include="..\..\..\qyCommProc_mfc\QyRestrictEdit.cpp" />
    <ClCompile Include="..\..\..\qyCommProc_mis\isFunc.cpp" />
    <ClCompile Include="..\..\..\qyCommProc_mis\isProtocolFunc.cpp" />
    <ClCompile Include="..\..\..\qyCommProc_mis\isTmpFunc.cpp" />
    <ClCompile Include="..\..\..\qyCommProc_mis\qnmCommProc_mis.cpp" />
    <ClCompile Include="..\..\..\qyCommProc_mis\qyComPortEx.cpp" />
    <ClCompile Include="..\..\..\qyCommProc_mis\qyMsgFunc.cpp" />
    <ClCompile Include="..\..\..\qyCommProc_mis\qyMsgFunc_iocp.cpp" />
    <ClCompile Include="..\..\..\qyCommProc_mis\qyq2Help.cpp" />
    <ClCompile Include="..\..\..\qyCommProc_mis\qyTick.cpp" />
    <ClCompile Include="..\..\..\qyCommProc_mis\qyWmComm_is.cpp" />
    <ClCompile Include="..\..\..\qyCustom\qnmAllHints.cpp" />
    <ClCompile Include="..\..\..\qyCustom\qnmCustomComm.cpp" />
    <ClCompile Include="..\..\..\qyCustom\qnmCustomRegTool.cpp" />
    <ClCompile Include="..\..\..\qyCustom\qyCusResHelp.cpp" />
    <ClCompile Include="..\..\..\qyCustom\qyCustom.cpp" />
    <ClCompile Include="..\..\..\qyMcMainPublic\dbFuncs\myDb\getObjId_myDb.cpp" />
    <ClCompile Include="..\..\..\qyMcMainPublic\dbFuncs\myDb\qnmMainProc_myDb.cpp" />
    <ClCompile Include="..\..\..\qyMcMainPublic\dbFuncs\odbc\getObjId_odbc.cpp" />
    <ClCompile Include="..\..\..\qyMcMainPublic\dbFuncs\odbc\qnmMainProc_odbc.cpp" />
    <ClCompile Include="..\..\..\qyMcMainPublic\qmcGuid.cpp" />
    <ClCompile Include="..\..\..\qyMcMainPublic\qyMcMainFunc.cpp" />
    <ClCompile Include="..\..\..\qyMcMainPublic\qyMcMainObj.cpp" />
    <ClCompile Include="..\..\..\qyMcMainPublic_mfc\qnmMainProc_mis1_mfc.cpp" />
    <ClCompile Include="..\..\..\qyMcMainPublic_mfc\QyFile.cpp" />
    <ClCompile Include="..\..\..\qyMcMainPublic_mfc\QyRcdset.cpp" />
    <ClCompile Include="..\..\..\qyMcMainPublic_mfc\QyStatic.cpp" />
    <ClCompile Include="..\..\..\qyMcPublic\dbFuncs\myDb\qmCommonDbFunc_myDb_mis.cpp" />
    <ClCompile Include="..\..\..\qyMcPublic\dbFuncs\odbc\qmCommonDbFunc_odbc_mis.cpp" />
    <ClCompile Include="..\..\..\qyMcPublic\getPcSatusInfo.cpp" />
    <ClCompile Include="..\..\..\qyMcPublic\qmCommonDbFunc.cpp" />
    <ClCompile Include="..\..\..\qyMcPublic\qmCommonDbFuncHelp.cpp" />
    <ClCompile Include="..\..\..\qyMcPublic\qmCommonDbFunc_mis.cpp" />
    <ClCompile Include="..\..\..\qyMcPublic\qmCommonProc.cpp" />
    <ClCompile Include="..\..\..\qyMcPublic\qmDynMenu.cpp" />
    <ClCompile Include="..\..\..\qyMcPublic\qmObjQProc.cpp" />
    <ClCompile Include="..\..\..\qyMcPublic\qmStr.cpp" />
    <ClCompile Include="..\..\..\qyMcPublic\qmUiFunc.cpp" />
    <ClCompile Include="..\..\..\qyMcPublic\QyPs.cpp" />
    <ClCompile Include="..\..\qyProjShare_isCli\ptzPublic\BitmapBtn.cpp" />
    <ClCompile Include="..\..\qyProjShare_isCli\ptzPublic\myButton.cpp" />
    <ClCompile Include="..\..\qyProjShare_isCli\ptzPublic\Pelco_D.cpp" />
    <ClCompile Include="..\..\qyProjShare_isCli\ptzPublic\Pelco_P.cpp" />
    <ClCompile Include="..\..\qyProjShare_isCli\ptzPublic\stageLens.cpp" />
    <ClCompile Include="..\..\qyProjShare_isCli\sketchpadProj\issameplacespobj.cpp" />
    <ClCompile Include="..\..\qyProjShare_isCli\sketchpadProj\isspobjselected.cpp" />
    <ClCompile Include="..\..\qyProjShare_isCli\sketchpadProj\opsp.cpp" />
    <ClCompile Include="..\..\qyProjShare_isCli\sketchpadProj\preopsp.cpp" />
    <ClCompile Include="..\..\qyProjShare_isCli\sketchpadProj\spconstruct.cpp" />
    <ClCompile Include="..\..\qyProjShare_isCli\sketchpadProj\spdiscmd.cpp" />
    <ClCompile Include="..\..\qyProjShare_isCli\sketchpadProj\spdisplay.cpp" />
    <ClCompile Include="..\..\qyProjShare_isCli\sketchpadProj\spfunc.cpp" />
    <ClCompile Include="..\..\qyProjShare_isCli\sketchpadProj\spmain.cpp" />
    <ClCompile Include="..\..\qyProjShare_isCli\sketchpadProj\spproc.cpp" />
    <ClCompile Include="..\..\qyProjShare_isCli\sketchpadProj\spreflect.cpp" />
    <ClCompile Include="..\..\qyProjShare_isCli\sketchpadProj\sprotate.cpp" />
    <ClCompile Include="..\..\qyProjShare_isCli\sketchpadProj\sptransform.cpp" />
    <ClCompile Include="..\..\qyProjShare_isCli\sketchpadProj\tempsp.cpp" />
    <ClCompile Include="..\isCliProcs\dbFuncs\myDb\qmCommonDbFunc_myDb_isCli.cpp" />
    <ClCompile Include="..\isCliProcs\dbFuncs\myDb\qmCommonDbFunc_myDb_mis_help.cpp" />
    <ClCompile Include="..\isCliProcs\dbFuncs\odbc\qmCommonDbFunc_odbc_isCli.cpp" />
    <ClCompile Include="..\isCliProcs\dbFuncs\odbc\qmCommonDbFunc_odbc_isCli_help.cpp" />
    <ClCompile Include="..\public\addToMsgrs_sendLocalAv.cpp" />
    <ClCompile Include="..\public\addTxtToPic.cpp" />
    <ClCompile Include="..\public\getPolicyIsClient.cpp" />
    <ClCompile Include="..\public\qmcDmoFunc.cpp" />
    <ClCompile Include="..\public\qmcFunc.cpp" />
    <ClCompile Include="..\public\qmcImgFunc.cpp" />
    <ClCompile Include="..\public\qmcSoundFunc.cpp" />
    <ClCompile Include="..\public\qmcVideoFunc.cpp" />
    <ClCompile Include="..\public\removeFromMsgrs_sendLocalAv.cpp" />
    <ClCompile Include="..\public\setFlg_forceKeyFrame.cpp" />
    <ClCompile Include="..\public_isCli\capImageFunc.cpp" />
    <ClCompile Include="..\public_isCli\capImageProc.cpp" />
    <ClCompile Include="..\public_isCli\colorSpaceFunc.cpp" />
    <ClCompile Include="..\public_isCli\dyn_isCliD3d.cpp" />
    <ClCompile Include="..\public_isCli\dyn_isCliD3d_public.cpp" />
    <ClCompile Include="..\public_isCli\dyn_messengerHelp.cpp" />
    <ClCompile Include="..\public_isCli\dyn_others.cpp" />
    <ClCompile Include="..\public_isCli\findOrgMsgAndProcess_is.cpp" />
    <ClCompile Include="..\public_isCli\help_getDlgTalkVar.cpp" />
    <ClCompile Include="..\public_isCli\hlslFunc.cpp" />
    <ClCompile Include="..\public_isCli\imObjHash.cpp" />
    <ClCompile Include="..\public_isCli\mcSharedQ.cpp" />
    <ClCompile Include="..\public_isCli\onvifFunc.cpp" />
    <ClCompile Include="..\public_isCli\policyIsClientFunc.cpp" />
    <ClCompile Include="..\public_isCli\postMsg2MgrFunc.cpp" />
    <ClCompile Include="..\public_isCli\procSendFunc.cpp" />
    <ClCompile Include="..\public_isCli\qmcCfg.cpp" />
    <ClCompile Include="..\public_isCli\qmcDispatchFunc.cpp" />
    <ClCompile Include="..\public_isCli\qmcDxSurface.cpp" />
    <ClCompile Include="..\public_isCli\qmcDynBmp.cpp" />
    <ClCompile Include="..\public_isCli\qmcFunc_isCli.cpp" />
    <ClCompile Include="..\public_isCli\qmcGpsCoordTransform.cpp" />
    <ClCompile Include="..\public_isCli\qmcGpsFunc.cpp" />
    <ClCompile Include="..\public_isCli\qmcGps_testData.cpp" />
    <ClCompile Include="..\public_isCli\qmcMasterSlave.cpp" />
    <ClCompile Include="..\public_isCli\qmcObjVarInfo.cpp" />
    <ClCompile Include="..\public_isCli\qmcOfflineRes.cpp" />
    <ClCompile Include="..\public_isCli\qmcProcTask.cpp" />
    <ClCompile Include="..\public_isCli\qmcProcTaskRemoteAssist.cpp" />
    <ClCompile Include="..\public_isCli\qmcSharedObj.cpp" />
    <ClCompile Include="..\public_isCli\qmcTaskInfo.cpp" />
    <ClCompile Include="..\public_isCli\qmcTest.cpp" />
    <ClCompile Include="..\public_isCli\qmcVWall.cpp" />
    <ClCompile Include="..\public_isCli\qmcVWall_file.cpp" />
    <ClCompile Include="..\public_isCli\qmc_tttbbbMac.cpp" />
    <ClCompile Include="..\public_isCli\qnmMainFunc_isCli.cpp" />
    <ClCompile Include="..\public_isCli\qnmMainProc_isCli.cpp" />
    <ClCompile Include="..\public_isCli\qyVk.cpp" />
    <ClCompile Include="..\public_isCli\rgb32rgb.cpp" />
    <ClCompile Include="..\public_isCli\setSlaveStreamOn.cpp" />
    <ClCompile Include="..\public_isCli\showMsg_d3d.cpp" />
    <ClCompile Include="..\public_isCli\showTaskStatusFunc.cpp" />
    <ClCompile Include="..\public_isCli\slaveStreamProc.cpp" />
    <ClCompile Include="..\public_isCli\storeTaskInDb.cpp" />
    <ClCompile Include="..\public_isCli\subtitleFunc.cpp" />
    <ClCompile Include="..\public_isCli\taskAvFunc.cpp" />
    <ClCompile Include="..\public_isCli\wnd_guiMsgProc.cpp" />
    <ClCompile Include="isCliHelp.cpp" />
    <ClCompile Include="isCliHelp_func.cpp" />
    <ClCompile Include="public\addTalkerToGZone.cpp" />
    <ClCompile Include="public\d3dWallProc_isCliHelp.cpp" />
    <ClCompile Include="public\DlgCfgVideoConference.cpp" />
    <ClCompile Include="public\DlgCfgWmv.cpp" />
    <ClCompile Include="public\DlgChromaKeyCfg.cpp" />
    <ClCompile Include="public\DlgDesktopsMon.cpp" />
    <ClCompile Include="public\DlgDynBmps.cpp" />
    <ClCompile Include="public\DlgImg.cpp" />
    <ClCompile Include="public\DlgImMsgSearch.cpp" />
    <ClCompile Include="public\DlgImObjRule.cpp" />
    <ClCompile Include="public\DlgInstantAssistant.cpp" />
    <ClCompile Include="public\DlgListView.cpp" />
    <ClCompile Include="public\DlgListView_db.cpp" />
    <ClCompile Include="public\DlgMediaControl.cpp" />
    <ClCompile Include="public\dlgMenuD3dWall.cpp" />
    <ClCompile Include="public\DlgMenuIsCli.cpp" />
    <ClCompile Include="public\DlgMessengerIsClient.cpp" />
    <ClCompile Include="public\DlgMsgInput.cpp" />
    <ClCompile Include="public\DlgMsgList.cpp" />
    <ClCompile Include="public\DlgMsgTool.cpp" />
    <ClCompile Include="public\DlgNotification.cpp" />
    <ClCompile Include="public\dlgObjsProc_isCli.cpp" />
    <ClCompile Include="public\dlgObjs_shell.cpp" />
    <ClCompile Include="public\DlgObjs_ts.cpp" />
    <ClCompile Include="public\DlgOfflineRes.cpp" />
    <ClCompile Include="public\DlgPolicyAv.cpp" />
    <ClCompile Include="public\DlgPolicyIsClient.cpp" />
    <ClCompile Include="public\DlgProgress.cpp" />
    <ClCompile Include="public\DlgPropImGrp.cpp" />
    <ClCompile Include="public\DlgPropImMsg.cpp" />
    <ClCompile Include="public\DlgPropImTask.cpp" />
    <ClCompile Include="public\DlgPropMessenger.cpp" />
    <ClCompile Include="public\DlgPtzControl.cpp" />
    <ClCompile Include="public\DlgQnmEditPcUsrInfo.cpp" />
    <ClCompile Include="public\DlgQnmEventSearch.cpp" />
    <ClCompile Include="public\DlgQnmSearch.cpp" />
    <ClCompile Include="public\DlgQnmSendHint.cpp" />
    <ClCompile Include="public\DlgQyBar.cpp" />
    <ClCompile Include="public\DlgQyMenu.cpp" />
    <ClCompile Include="public\DlgRemoteStorageSettings.cpp" />
    <ClCompile Include="public\DlgSelectAvCompressor.cpp" />
    <ClCompile Include="public\DlgSelectAvDev.cpp" />
    <ClCompile Include="public\DlgSelectRemoteVideo.cpp" />
    <ClCompile Include="public\DlgSelect_isCli.cpp" />
    <ClCompile Include="public\DlgShhgPcProperties.cpp" />
    <ClCompile Include="public\DlgStatusCli.cpp" />
    <ClCompile Include="public\DlgSubtitleSelect.cpp" />
    <ClCompile Include="public\DlgTalk.cpp" />
    <ClCompile Include="public\dlgTalkProc_help.cpp" />
    <ClCompile Include="public\dlgTalkProc_isCliHelp.cpp" />
    <ClCompile Include="public\dlgTalk_capImgProc.cpp" />
    <ClCompile Include="public\DlgTest_isCli.cpp" />
    <ClCompile Include="public\DlgToolboxSketchpad.cpp" />
    <ClCompile Include="public\DlgVideoCompressors.cpp" />
    <ClCompile Include="public\DlgVideos.cpp" />
    <ClCompile Include="public\DlgVideoTagCfg.cpp" />
    <ClCompile Include="public\DlgWalls.cpp" />
    <ClCompile Include="public\drawTxtFunc.cpp" />
    <ClCompile Include="public\help_shareDynBmpMemFunc.cpp" />
    <ClCompile Include="public\logImMsg_isCli.cpp" />
    <ClCompile Include="public\mainFrm_OnqyClearUp.cpp" />
    <ClCompile Include="public\mainWnd_OnQyTrayNotify.cpp" />
    <ClCompile Include="public\myHtmlEditCtrl.cpp" />
    <ClCompile Include="public\PpClearupEventCond.cpp" />
    <ClCompile Include="public\PpQnmClearup.cpp" />
    <ClCompile Include="public\PtzSettings.cpp" />
    <ClCompile Include="public\ptz_onvif.cpp" />
    <ClCompile Include="public\ptz_pelco.cpp" />
    <ClCompile Include="public\ptz_usb.cpp" />
    <ClCompile Include="public\qyAvRecord.cpp" />
    <ClCompile Include="public\qyAvRecord_dx.cpp" />
    <ClCompile Include="public\qyBoundWnd.cpp" />
    <ClCompile Include="public\qyCustSite.cpp" />
    <ClCompile Include="public\qyDropTarget.cpp" />
    <ClCompile Include="public\qyIdisImp.cpp" />
    <ClCompile Include="public\sendNotification.cpp" />
    <ClCompile Include="stdafx.cpp" />
    <ClCompile Include="..\..\..\qyMcPublic\dbFuncs\setQmDbFuncs.cpp">
      <Filter>qyMcPublic\dbFuncs</Filter>
    </ClCompile>
    <ClCompile Include="..\..\..\qyMcPublic\dbFuncs\setQmDb_default_funcs.cpp">
      <Filter>qyMcPublic\dbFuncs</Filter>
    </ClCompile>
    <ClCompile Include="..\..\..\qyMcMainPublic\bQmFreeVer.cpp">
      <Filter>qyMcMainPublic</Filter>
    </ClCompile>
  </ItemGroup>
  <ItemGroup>
    <ClInclude Include="..\..\..\qyCommProc\INCLUDE\syncMtCnt.h" />
    <ClInclude Include="..\..\qyProjShare_isCli\ptzPublic\include\BitmapBtn.h" />
    <ClInclude Include="..\..\qyProjShare_isCli\ptzPublic\include\myButton.h" />
    <ClInclude Include="..\..\qyProjShare_isCli\ptzPublic\include\Pelco_D.h" />
    <ClInclude Include="..\..\qyProjShare_isCli\ptzPublic\include\Pelco_P.h" />
    <ClInclude Include="..\..\qyProjShare_isCli\ptzPublic\include\StageLens.h" />
    <ClInclude Include="..\include\dlgtalkproc.h" />
    <ClInclude Include="..\include_isCli\dlgtalkproc.h" />
    <ClInclude Include="..\include_isCli\help_getDlgTalkVar.h" />
    <ClInclude Include="..\include_isCli\mcSharedQ.h" />
    <ClInclude Include="..\include_isCli\qmcObjVarInfo.h" />
    <ClInclude Include="..\include_isCli\qmcVWall.h" />
    <ClInclude Include="include\DlgCfgVideoConference.h" />
    <ClInclude Include="include\DlgCfgWmv.h" />
    <ClInclude Include="include\DlgChromaKeyCfg.h" />
    <ClInclude Include="include\DlgDesktopsMon.h" />
    <ClInclude Include="include\DlgDynBmps.h" />
    <ClInclude Include="include\DlgImg.h" />
    <ClInclude Include="include\DlgImMsgSearch.h" />
    <ClInclude Include="include\DlgImObjRule.h" />
    <ClInclude Include="include\DlgInstantAssistant.h" />
    <ClInclude Include="include\DlgListView.h" />
    <ClInclude Include="include\DlgListView_db.h" />
    <ClInclude Include="include\DlgMediaControl.h" />
    <ClInclude Include="include\dlgMenuD3dWall.h" />
    <ClInclude Include="include\DlgMenuIsCli.h" />
    <ClInclude Include="include\DlgMessengerIsClient.h" />
    <ClInclude Include="include\DlgMsgInput.h" />
    <ClInclude Include="include\DlgMsgList.h" />
    <ClInclude Include="include\DlgMsgTool.h" />
    <ClInclude Include="include\DlgNotification.h" />
    <ClInclude Include="include\DlgObjs_ts.h" />
    <ClInclude Include="include\DlgOfflineRes.h" />
    <ClInclude Include="include\DlgPolicyAv.h" />
    <ClInclude Include="include\dlgpolicyisclient.h" />
    <ClInclude Include="include\DlgProgress.h" />
    <ClInclude Include="include\DlgPropImGrp.h" />
    <ClInclude Include="include\DlgPropImMsg.h" />
    <ClInclude Include="include\DlgPropImTask.h" />
    <ClInclude Include="include\DlgPropMessenger.h" />
    <ClInclude Include="include\DlgPtzControl.h" />
    <ClInclude Include="include\DlgQnmEditPcUsrInfo.h" />
    <ClInclude Include="include\DlgQnmEventSearch.h" />
    <ClInclude Include="include\DlgQnmSearch.h" />
    <ClInclude Include="include\DlgQnmSendHint.h" />
    <ClInclude Include="include\DlgQyBar.h" />
    <ClInclude Include="include\DlgQyMenu.h" />
    <ClInclude Include="include\DlgRemoteStorageSettings.h" />
    <ClInclude Include="include\DlgSelectAvCompressor.h" />
    <ClInclude Include="include\DlgSelectAvDev.h" />
    <ClInclude Include="include\DlgSelectRemoteVideo.h" />
    <ClInclude Include="include\DlgSelect_isCli.h" />
    <ClInclude Include="include\DlgStatusCli.h" />
    <ClInclude Include="include\DlgSubtitleSelect.h" />
    <ClInclude Include="include\DlgTalk.h" />
    <ClInclude Include="include\DlgTest_isCli.h" />
    <ClInclude Include="include\DlgToolboxSketchpad.h" />
    <ClInclude Include="include\DlgVideoCompressors.h" />
    <ClInclude Include="include\DlgVideos.h" />
    <ClInclude Include="include\DlgVideoTagCfg.h" />
    <ClInclude Include="include\myHtmlEditCtrl.h" />
    <ClInclude Include="include\PpClearupEventCond.h" />
    <ClInclude Include="include\PpQnmClearup.h" />
    <ClInclude Include="include\PtzSettings.h" />
    <ClInclude Include="include\qyBoundWnd.h" />
    <ClInclude Include="include\qyCustSite.h" />
    <ClInclude Include="include\qyDropTarget.h" />
    <ClInclude Include="include\qyIdisImp.h" />
    <ClInclude Include="isCliHelp.h" />
    <ClInclude Include="Resource.h" />
    <ClInclude Include="stdafx.h" />
    <ClInclude Include="targetver.h" />
  </ItemGroup>
  <ItemGroup>
    <ResourceCompile Include="isCliHelp.rc" />
  </ItemGroup>
  <ItemGroup>
    <None Include="isCliHelp.def" />
    <None Include="ReadMe.txt" />
    <None Include="res\bitmap1.bmp" />
    <None Include="res\bmp00002.bmp" />
    <None Include="res\bmp00003.bmp" />
    <None Include="res\isCliHelp.rc2" />
    <None Include="res\largeico.bmp" />
    <None Include="res\qyMc.ico" />
    <None Include="res\smallico.bmp" />
  </ItemGroup>
  <ItemGroup>
    <Filter Include="qyMcPublic">
      <UniqueIdentifier>{6c06a8c6-ef88-40b2-b0cd-7668688d1e16}</UniqueIdentifier>
    </Filter>
    <Filter Include="qyMcPublic\dbFuncs">
      <UniqueIdentifier>{c5d2b90e-8d7c-4343-aaff-3aec972aba8c}</UniqueIdentifier>
    </Filter>
    <Filter Include="qyMcMainPublic">
      <UniqueIdentifier>{9c8bf8c9-3f52-40af-82dc-9410fdf2f790}</UniqueIdentifier>
    </Filter>
  </ItemGroup>
</Project>