<?xml version="1.0" encoding="utf-8"?>
<Project ToolsVersion="4.0" xmlns="http://schemas.microsoft.com/developer/msbuild/2003">
  <ItemGroup>
    <ClCompile Include="qyDecTool.cpp" />
    <ClCompile Include="stdafx.cpp" />
    <ClCompile Include="public\ctxQmcDvt.cpp">
      <Filter>public</Filter>
    </ClCompile>
    <ClCompile Include="public\qyDecToolProc.cpp">
      <Filter>public</Filter>
    </ClCompile>
    <ClCompile Include="..\..\..\qyCommProc\qyCommProc.cpp">
      <Filter>qyCommProc</Filter>
    </ClCompile>
    <ClCompile Include="..\..\..\qyCommProc\qySyncCommProc.cpp">
      <Filter>qyCommProc</Filter>
    </ClCompile>
    <ClCompile Include="..\..\..\qyCommProc\qyTmpMemory.cpp">
      <Filter>qyCommProc</Filter>
    </ClCompile>
    <ClCompile Include="..\..\..\qyCustom\qyCusResHelp.cpp">
      <Filter>qyCustom</Filter>
    </ClCompile>
    <ClCompile Include="..\..\..\qyCommProc\qyDmItemCommProc.cpp">
      <Filter>qyCommProc</Filter>
    </ClCompile>
    <ClCompile Include="..\..\..\qyCommProc\qyTCharCommProc.cpp">
      <Filter>qyCommProc</Filter>
    </ClCompile>
    <ClCompile Include="..\..\..\qyCommProc\qnmCommProc.cpp">
      <Filter>qyCommProc</Filter>
    </ClCompile>
    <ClCompile Include="..\..\..\qyCommProc\qwmDynFunc.cpp">
      <Filter>qyCommProc</Filter>
    </ClCompile>
    <ClCompile Include="..\..\..\qyCommProc\tmpCeLib.cpp">
      <Filter>qyCommProc</Filter>
    </ClCompile>
    <ClCompile Include="..\..\..\qyCommProc\qyLangCommProc.cpp">
      <Filter>qyCommProc</Filter>
    </ClCompile>
    <ClCompile Include="..\..\..\..\..\qyOpen\qyCommProc_open\videoFunc_open.cpp">
      <Filter>qyOpen\qyCommProc_open</Filter>
    </ClCompile>
    <ClCompile Include="..\..\..\qyCommProc\qyString.cpp">
      <Filter>qyCommProc</Filter>
    </ClCompile>
    <ClCompile Include="..\..\..\qyCommProc\qnmGuiCommProc.cpp">
      <Filter>qyCommProc</Filter>
    </ClCompile>
    <ClCompile Include="..\..\..\qyCustom\qyCustom.cpp">
      <Filter>qyCustom</Filter>
    </ClCompile>
    <ClCompile Include="..\..\..\qyCommProc\qnmGuiCommProc2.cpp">
      <Filter>qyCommProc</Filter>
    </ClCompile>
    <ClCompile Include="..\..\..\qyCustom\qwmAllHints.cpp">
      <Filter>qyCustom</Filter>
    </ClCompile>
    <ClCompile Include="qyDecTool_func.cpp" />
    <ClCompile Include="..\..\..\qyCustom\customApp\qisCustomAppAvLevel.cpp">
      <Filter>qyCustom\customApp</Filter>
    </ClCompile>
    <ClCompile Include="..\..\..\..\..\qyOpen\qyCommProc_open\qySyncObj.cpp">
      <Filter>qyOpen\qyCommProc_open</Filter>
    </ClCompile>
    <ClCompile Include="..\..\..\qyCommProc\qyThread.cpp">
      <Filter>qyCommProc</Filter>
    </ClCompile>
    <ClCompile Include="..\..\..\qyCommProc\qySharedQ.cpp">
      <Filter>qyCommProc</Filter>
    </ClCompile>
    <ClCompile Include="..\..\..\qyCommProc\syncMtCnt.cpp">
      <Filter>qyCommProc</Filter>
    </ClCompile>
    <ClCompile Include="..\..\..\qyCommProc_mis\qyq2Help.cpp">
      <Filter>qyCommProc_mis</Filter>
    </ClCompile>
    <ClCompile Include="..\..\..\qyMcPublic\qyShowInfo_simple.cpp">
      <Filter>qyMcPublic</Filter>
    </ClCompile>
    <ClCompile Include="..\..\..\qyMcMainPublic\qyMcMainCusModule.cpp">
      <Filter>qyMcMainPublic</Filter>
    </ClCompile>
    <ClCompile Include="..\..\..\qyMcPublic\qmCommonProc.cpp">
      <Filter>qyMcPublic</Filter>
    </ClCompile>
    <ClCompile Include="..\..\..\qyMcMainPublic\qyMcMainObj.cpp">
      <Filter>qyMcMainPublic</Filter>
    </ClCompile>
    <ClCompile Include="..\..\..\..\..\qyOpen\qyCommProc_open\yv12rgb.cpp">
      <Filter>qyOpen\qyCommProc_open</Filter>
    </ClCompile>
    <ClCompile Include="..\..\..\qyCustom\testOnly\testOnly.cpp">
      <Filter>qyCustom\testOnly</Filter>
    </ClCompile>
    <ClCompile Include="..\public_isCli\capImageFunc.cpp">
      <Filter>qyMcMainPublic_isCli\public_isCli</Filter>
    </ClCompile>
    <ClCompile Include="..\public_isCli\colorSpaceFunc.cpp">
      <Filter>qyMcMainPublic_isCli\public_isCli</Filter>
    </ClCompile>
    <ClCompile Include="..\public_isCli\mcThreadProc_rtsp.cpp">
      <Filter>qyMcMainPublic_isCli\public_isCli</Filter>
    </ClCompile>
    <ClCompile Include="..\public_isCli\policyIsClient_globals.cpp">
      <Filter>qyMcMainPublic_isCli\public_isCli</Filter>
    </ClCompile>
    <ClCompile Include="..\public_isCli\qmcMasterSlave.cpp">
      <Filter>qyMcMainPublic_isCli\public_isCli</Filter>
    </ClCompile>
    <ClCompile Include="..\public_isCli\qmcSharedObj.cpp">
      <Filter>qyMcMainPublic_isCli\public_isCli</Filter>
    </ClCompile>
    <ClCompile Include="..\public_isCli\qmcTransform.cpp">
      <Filter>qyMcMainPublic_isCli\public_isCli</Filter>
    </ClCompile>
    <ClCompile Include="..\public_isCli\qmcVideoCapture_rtsp.cpp">
      <Filter>qyMcMainPublic_isCli\public_isCli</Filter>
    </ClCompile>
    <ClCompile Include="..\public_isCli\qyMcMainMediaProc_decVideo.cpp">
      <Filter>qyMcMainPublic_isCli\public_isCli</Filter>
    </ClCompile>
    <ClCompile Include="..\public_isCli\qyMcMainMediaProc_decVideo_rtsp.cpp">
      <Filter>qyMcMainPublic_isCli\public_isCli</Filter>
    </ClCompile>
    <ClCompile Include="..\public_isCli\rgb565rgb.cpp">
      <Filter>qyMcMainPublic_isCli\public_isCli</Filter>
    </ClCompile>
    <ClCompile Include="..\public_isCli\slaveStreamProc.cpp">
      <Filter>qyMcMainPublic_isCli\public_isCli</Filter>
    </ClCompile>
    <ClCompile Include="..\public_isCli\taskAvProc.cpp">
      <Filter>qyMcMainPublic_isCli\public_isCli</Filter>
    </ClCompile>
    <ClCompile Include="..\public_isCli\v210rgb.cpp">
      <Filter>qyMcMainPublic_isCli\public_isCli</Filter>
    </ClCompile>
    <ClCompile Include="..\public_isCli\yuy2rgb.cpp">
      <Filter>qyMcMainPublic_isCli\public_isCli</Filter>
    </ClCompile>
    <ClCompile Include="public\dvtWriteShm.cpp">
      <Filter>public</Filter>
    </ClCompile>
    <ClCompile Include="..\public\getPolicyIsClient.cpp">
      <Filter>qyMcMainPublic_isCli\public</Filter>
    </ClCompile>
    <ClCompile Include="..\..\..\qyMcMainPublic\qmcCmdParams.cpp">
      <Filter>qyMcMainPublic</Filter>
    </ClCompile>
    <ClCompile Include="..\..\..\qyMcMainPublic\qnmSysCfg_app.cpp">
      <Filter>qyMcMainPublic</Filter>
    </ClCompile>
    <ClCompile Include="..\..\..\qyMcMainPublic\qnmGuiCfg_app.cpp">
      <Filter>qyMcMainPublic</Filter>
    </ClCompile>
    <ClCompile Include="..\..\..\..\..\qyOpen\qyCommProc_open\tmpGuiOpenFunc.cpp">
      <Filter>qyOpen\qyCommProc_open</Filter>
    </ClCompile>
    <ClCompile Include="..\..\..\qyMcMainPublic\qmcDirectX.cpp">
      <Filter>qyMcMainPublic</Filter>
    </ClCompile>
    <ClCompile Include="..\public\compressAudio.cpp">
      <Filter>qyMcMainPublic_isCli\public</Filter>
    </ClCompile>
    <ClCompile Include="..\public\freeSharedObj.cpp">
      <Filter>qyMcMainPublic_isCli\public</Filter>
    </ClCompile>
    <ClCompile Include="..\public\qyExitProcessEx.cpp">
      <Filter>public</Filter>
    </ClCompile>
    <ClCompile Include="..\public\ctxQmcTmpl.cpp">
      <Filter>qyMcMainPublic_isCli\public</Filter>
    </ClCompile>
    <ClCompile Include="..\public\qmcFunc.cpp">
      <Filter>qyMcMainPublic_isCli\public</Filter>
    </ClCompile>
    <ClCompile Include="..\public_isCli\taskAvFunc.cpp">
      <Filter>qyMcMainPublic_isCli\public_isCli</Filter>
    </ClCompile>
    <ClCompile Include="..\public\qmcVideoFunc.cpp">
      <Filter>qyMcMainPublic_isCli\public</Filter>
    </ClCompile>
    <ClCompile Include="..\..\..\qyMcMainPublic\ctxQyMc.cpp">
      <Filter>qyMcMainPublic</Filter>
    </ClCompile>
    <ClCompile Include="..\public\vtShmFunc.cpp">
      <Filter>qyMcMainPublic_isCli\public</Filter>
    </ClCompile>
    <ClCompile Include="..\..\..\qyCommProc\syncMtCntFunc.cpp">
      <Filter>qyCommProc</Filter>
    </ClCompile>
    <ClCompile Include="..\public\load_isD3dFunc.cpp">
      <Filter>qyMcMainPublic_isCli\public</Filter>
    </ClCompile>
    <ClCompile Include="..\public\qoi_func.cpp">
      <Filter>qyMcMainPublic_isCli\public</Filter>
    </ClCompile>
    <ClCompile Include="..\public\qmcVideoCapture.cpp">
      <Filter>qyMcMainPublic_isCli\public</Filter>
    </ClCompile>
    <ClCompile Include="..\public\getNextVPkt.cpp">
      <Filter>qyMcMainPublic_isCli\public</Filter>
    </ClCompile>
    <ClCompile Include="..\..\..\..\..\qyOpen\qyCommProc_open\ctxQyTmpl.cpp">
      <Filter>qyOpen\qyCommProc_open</Filter>
    </ClCompile>
    <ClCompile Include="..\public\addToMsgrs_sendLocalAv.cpp">
      <Filter>qyMcMainPublic_isCli\public</Filter>
    </ClCompile>
    <ClCompile Include="..\..\..\..\..\qyOpen\qyCommProc_open\qyPipeFunc_open.cpp">
      <Filter>qyOpen\qyCommProc_open</Filter>
    </ClCompile>
    <ClCompile Include="..\..\..\qyMcMainPublic\getCusModule.cpp">
      <Filter>qyMcMainPublic</Filter>
    </ClCompile>
    <ClCompile Include="..\..\..\qyMcMainPublic\ctxQyMcTmpl.cpp">
      <Filter>qyMcMainPublic</Filter>
    </ClCompile>
    <ClCompile Include="..\public\transformFunc.cpp">
      <Filter>qyMcMainPublic_isCli\public</Filter>
    </ClCompile>
    <ClCompile Include="..\public_isCli\smplFunc_v.cpp">
      <Filter>qyMcMainPublic_isCli\public_isCli</Filter>
    </ClCompile>
    <ClCompile Include="..\..\..\qyMcMainPublic\getDebugStep_sth.cpp">
      <Filter>qyMcMainPublic</Filter>
    </ClCompile>
    <ClCompile Include="..\public\doPostEnc_mediaSdk_new.cpp">
      <Filter>qyMcMainPublic_isCli\public</Filter>
    </ClCompile>
    <ClCompile Include="..\..\..\qyMcMainPublic\qyMcMain_global.cpp">
      <Filter>qyMcMainPublic</Filter>
    </ClCompile>
    <ClCompile Include="..\public_isCli\postVPktToSave.cpp">
      <Filter>qyMcMainPublic_isCli\public_isCli</Filter>
    </ClCompile>
    <ClCompile Include="..\public_isCli\dec_parseEncVPkt_i.cpp">
      <Filter>qyMcMainPublic_isCli\public_isCli</Filter>
    </ClCompile>
    <ClCompile Include="..\public\sharedObjUsr.cpp">
      <Filter>qyMcMainPublic_isCli\public</Filter>
    </ClCompile>
  </ItemGroup>
  <ItemGroup>
    <ClInclude Include="qyDecTool.h" />
    <ClInclude Include="Resource.h" />
    <ClInclude Include="stdafx.h" />
    <ClInclude Include="targetver.h" />
    <ClInclude Include="include\ctxQmcDvt.h">
      <Filter>include</Filter>
    </ClInclude>
    <ClInclude Include="include\qyDecToolCommon.h">
      <Filter>include</Filter>
    </ClInclude>
    <ClInclude Include="..\include\ctxQmcTmpl.h">
      <Filter>qyMcMainPublic_isCli\include</Filter>
    </ClInclude>
    <ClInclude Include="..\..\..\qyCommProc\INCLUDE\qyString.h">
      <Filter>qyCommProc\include</Filter>
    </ClInclude>
    <ClInclude Include="..\..\..\qyCommProc\INCLUDE\qySharedQ.h">
      <Filter>qyCommProc\include</Filter>
    </ClInclude>
    <ClInclude Include="..\include\qmcSharedObj.h">
      <Filter>qyMcMainPublic_isCli\include</Filter>
    </ClInclude>
    <ClInclude Include="..\..\..\qyMcMainInclude\ctxQyMc.h">
      <Filter>qyMcMainInclude</Filter>
    </ClInclude>
    <ClInclude Include="..\..\..\qyMcMainInclude\ctxQmcTmpl.h">
      <Filter>qyMcMainInclude</Filter>
    </ClInclude>
    <ClInclude Include="..\include\load_isD3dFunc.h">
      <Filter>qyMcMainPublic_isCli\include</Filter>
    </ClInclude>
    <ClInclude Include="..\..\..\..\..\qyOpen\include\ctxQyTmpl.h">
      <Filter>qyOpen\include</Filter>
    </ClInclude>
    <ClInclude Include="..\..\..\qyMcMainInclude\ctxQyMcTmpl.h">
      <Filter>qyMcMainInclude</Filter>
    </ClInclude>
  </ItemGroup>
  <ItemGroup>
    <ResourceCompile Include="qyDecTool.rc" />
  </ItemGroup>
  <ItemGroup>
    <None Include="qyDecTool.ico" />
    <None Include="ReadMe.txt" />
    <None Include="small.ico" />
  </ItemGroup>
  <ItemGroup>
    <Filter Include="public">
      <UniqueIdentifier>{829c8d99-942d-4050-aa81-058f3b31cc46}</UniqueIdentifier>
    </Filter>
    <Filter Include="include">
      <UniqueIdentifier>{413a7d6a-0226-4554-84ea-a37811d97a9b}</UniqueIdentifier>
    </Filter>
    <Filter Include="qyCommProc">
      <UniqueIdentifier>{8a0307ac-4514-4676-8cac-935ef7632570}</UniqueIdentifier>
    </Filter>
    <Filter Include="qyMcMainPublic_isCli">
      <UniqueIdentifier>{2cd7953e-af01-4cbf-88a1-39ab1328a06e}</UniqueIdentifier>
    </Filter>
    <Filter Include="qyMcMainPublic_isCli\include">
      <UniqueIdentifier>{c7ad1eb5-e782-4316-a192-a960c36576ae}</UniqueIdentifier>
    </Filter>
    <Filter Include="qyCustom">
      <UniqueIdentifier>{ef7f7d2e-d136-4f1d-b5e1-72f00905c20f}</UniqueIdentifier>
    </Filter>
    <Filter Include="qyOpen">
      <UniqueIdentifier>{9cb70916-3ccd-4c05-a62f-5924144c9e5b}</UniqueIdentifier>
    </Filter>
    <Filter Include="qyOpen\qyCommProc_open">
      <UniqueIdentifier>{822340db-64eb-4fef-bcaf-cecbab0ac61d}</UniqueIdentifier>
    </Filter>
    <Filter Include="qyCommProc\include">
      <UniqueIdentifier>{87ec5a7f-bbf6-4eba-83bd-91f63949e28f}</UniqueIdentifier>
    </Filter>
    <Filter Include="qyMcMainPublic">
      <UniqueIdentifier>{cd40664f-32eb-42fd-8006-e9d37dc850b4}</UniqueIdentifier>
    </Filter>
    <Filter Include="qyCustom\customApp">
      <UniqueIdentifier>{6f230fdc-a76c-47cc-b314-c2d59704562c}</UniqueIdentifier>
    </Filter>
    <Filter Include="qyCommProc_mis">
      <UniqueIdentifier>{1fc3c286-dfc8-43b8-a3f4-311fc914e44b}</UniqueIdentifier>
    </Filter>
    <Filter Include="qyCommProc_mis\include">
      <UniqueIdentifier>{c0f92f56-2e15-421c-99db-77c85e4da4d3}</UniqueIdentifier>
    </Filter>
    <Filter Include="qyMcPublic">
      <UniqueIdentifier>{e90f8b81-532f-409f-893d-032345772fb1}</UniqueIdentifier>
    </Filter>
    <Filter Include="qyCustom\testOnly">
      <UniqueIdentifier>{283eb753-6514-4597-ac57-12b29eb7e3ea}</UniqueIdentifier>
    </Filter>
    <Filter Include="qyMcMainPublic_isCli\public">
      <UniqueIdentifier>{ba268cd5-190c-433b-b242-65d5fb894a06}</UniqueIdentifier>
    </Filter>
    <Filter Include="qyMcMainPublic_isCli\public_isCli">
      <UniqueIdentifier>{543259bc-5ad9-4f78-8edb-b73fe360aa0b}</UniqueIdentifier>
    </Filter>
    <Filter Include="qyMcMainInclude">
      <UniqueIdentifier>{2356cf1e-976d-4b94-be9d-7559e139f2b7}</UniqueIdentifier>
    </Filter>
    <Filter Include="qyMcInclude">
      <UniqueIdentifier>{713b2c0c-304b-4e56-bac9-503edeaddb6f}</UniqueIdentifier>
    </Filter>
    <Filter Include="qyOpen\include">
      <UniqueIdentifier>{54097d8b-c40c-4c36-a7db-66f6b6dbdb14}</UniqueIdentifier>
    </Filter>
  </ItemGroup>
</Project>