
Microsoft Visual Studio Solution File, Format Version 10.00
# Visual Studio 2008
Project("{8BC9CEB8-8B4A-11D0-8D11-00A0C91BC942}") = "netMc2Module", "netMc2Module\netMc2Module.vcproj", "{B5D69BC0-9D4A-458E-8A95-CFCA78E06DDC}"
EndProject
Global
	GlobalSection(SolutionConfigurationPlatforms) = preSolution
		Debug|Win32 = Debug|Win32
		Release|Win32 = Release|Win32
	EndGlobalSection
	GlobalSection(ProjectConfigurationPlatforms) = postSolution
		{B5D69BC0-9D4A-458E-8A95-CFCA78E06DDC}.Debug|Win32.ActiveCfg = Debug|Win32
		{B5D69BC0-9D4A-458E-8A95-CFCA78E06DDC}.Debug|Win32.Build.0 = Debug|Win32
		{B5D69BC0-9D4A-458E-8A95-CFCA78E06DDC}.Release|Win32.ActiveCfg = Release|Win32
		{B5D69BC0-9D4A-458E-8A95-CFCA78E06DDC}.Release|Win32.Build.0 = Release|Win32
	EndGlobalSection
	GlobalSection(SolutionProperties) = preSolution
		HideSolutionNode = FALSE
	EndGlobalSection
EndGlobal
