
Microsoft Visual Studio Solution File, Format Version 11.00
# Visual Studio 2010
Project("{8BC9CEB8-8B4A-11D0-8D11-00A0C91BC942}") = "testFfmpeg", "testFfmpeg.vcxproj", "{FC80FFEB-7E7A-48AF-8AD7-7E45BD8ACDBC}"
EndProject
Project("{8BC9CEB8-8B4A-11D0-8D11-00A0C91BC942}") = "qisCompress_ffmpeg", "..\qisCompress_ffmpeg\qisCompress_ffmpeg.vcxproj", "{9AAA9E08-85B6-4C63-B846-46CAE1D09498}"
EndProject
Project("{8BC9CEB8-8B4A-11D0-8D11-00A0C91BC942}") = "sample_spl_mux", "..\..\..\mediaSdk\2014Cli\samples\sample_spl_mux\sample_spl_mux.vcxproj", "{C7E5C9B3-E00F-4FAB-ACAC-450A660C9C9C}"
EndProject
Global
	GlobalSection(SolutionConfigurationPlatforms) = preSolution
		Debug|Win32 = Debug|Win32
		Debug|x64 = Debug|x64
		Release|Win32 = Release|Win32
		Release|x64 = Release|x64
	EndGlobalSection
	GlobalSection(ProjectConfigurationPlatforms) = postSolution
		{FC80FFEB-7E7A-48AF-8AD7-7E45BD8ACDBC}.Debug|Win32.ActiveCfg = Debug|Win32
		{FC80FFEB-7E7A-48AF-8AD7-7E45BD8ACDBC}.Debug|Win32.Build.0 = Debug|Win32
		{FC80FFEB-7E7A-48AF-8AD7-7E45BD8ACDBC}.Debug|x64.ActiveCfg = Debug|Win32
		{FC80FFEB-7E7A-48AF-8AD7-7E45BD8ACDBC}.Release|Win32.ActiveCfg = Release|Win32
		{FC80FFEB-7E7A-48AF-8AD7-7E45BD8ACDBC}.Release|Win32.Build.0 = Release|Win32
		{FC80FFEB-7E7A-48AF-8AD7-7E45BD8ACDBC}.Release|x64.ActiveCfg = Release|Win32
		{9AAA9E08-85B6-4C63-B846-46CAE1D09498}.Debug|Win32.ActiveCfg = Debug|Win32
		{9AAA9E08-85B6-4C63-B846-46CAE1D09498}.Debug|Win32.Build.0 = Debug|Win32
		{9AAA9E08-85B6-4C63-B846-46CAE1D09498}.Debug|x64.ActiveCfg = Debug|x64
		{9AAA9E08-85B6-4C63-B846-46CAE1D09498}.Debug|x64.Build.0 = Debug|x64
		{9AAA9E08-85B6-4C63-B846-46CAE1D09498}.Release|Win32.ActiveCfg = Release|Win32
		{9AAA9E08-85B6-4C63-B846-46CAE1D09498}.Release|Win32.Build.0 = Release|Win32
		{9AAA9E08-85B6-4C63-B846-46CAE1D09498}.Release|x64.ActiveCfg = Release|x64
		{9AAA9E08-85B6-4C63-B846-46CAE1D09498}.Release|x64.Build.0 = Release|x64
		{C7E5C9B3-E00F-4FAB-ACAC-450A660C9C9C}.Debug|Win32.ActiveCfg = Debug|Win32
		{C7E5C9B3-E00F-4FAB-ACAC-450A660C9C9C}.Debug|Win32.Build.0 = Debug|Win32
		{C7E5C9B3-E00F-4FAB-ACAC-450A660C9C9C}.Debug|x64.ActiveCfg = Debug|x64
		{C7E5C9B3-E00F-4FAB-ACAC-450A660C9C9C}.Debug|x64.Build.0 = Debug|x64
		{C7E5C9B3-E00F-4FAB-ACAC-450A660C9C9C}.Release|Win32.ActiveCfg = Release|Win32
		{C7E5C9B3-E00F-4FAB-ACAC-450A660C9C9C}.Release|Win32.Build.0 = Release|Win32
		{C7E5C9B3-E00F-4FAB-ACAC-450A660C9C9C}.Release|x64.ActiveCfg = Release|x64
		{C7E5C9B3-E00F-4FAB-ACAC-450A660C9C9C}.Release|x64.Build.0 = Release|x64
	EndGlobalSection
	GlobalSection(SolutionProperties) = preSolution
		HideSolutionNode = FALSE
	EndGlobalSection
EndGlobal
