<?xml version="1.0" encoding="utf-8"?>
<Project ToolsVersion="4.0" xmlns="http://schemas.microsoft.com/developer/msbuild/2003">
  <ItemGroup>
    <Filter Include="Source Files">
      <UniqueIdentifier>{4FC737F1-C7A5-4376-A066-2A32D752A2FF}</UniqueIdentifier>
      <Extensions>cpp;c;cc;cxx;def;odl;idl;hpj;bat;asm;asmx</Extensions>
    </Filter>
    <Filter Include="Header Files">
      <UniqueIdentifier>{93995380-89BD-4b04-88EB-625FBE52EBFB}</UniqueIdentifier>
      <Extensions>h;hpp;hxx;hm;inl;inc;xsd</Extensions>
    </Filter>
    <Filter Include="Resource Files">
      <UniqueIdentifier>{67DA6AB6-F800-4c08-8B7A-83BB121AAD01}</UniqueIdentifier>
      <Extensions>rc;ico;cur;bmp;dlg;rc2;rct;bin;rgs;gif;jpg;jpeg;jpe;resx;tiff;tif;png;wav</Extensions>
    </Filter>
    <Filter Include="qyCommProc_mis">
      <UniqueIdentifier>{df5fa350-f155-42c6-acd9-2ca5d5ba1ca0}</UniqueIdentifier>
    </Filter>
    <Filter Include="qyCommProc">
      <UniqueIdentifier>{866e27d5-5c3d-4df8-8650-6d60507d5c7f}</UniqueIdentifier>
    </Filter>
    <Filter Include="qyCustom">
      <UniqueIdentifier>{ac5bedc0-6096-4ef1-aeea-cc0ccd05604d}</UniqueIdentifier>
    </Filter>
    <Filter Include="win32">
      <UniqueIdentifier>{4763f9d7-4577-4237-b598-273e92ee33d3}</UniqueIdentifier>
    </Filter>
    <Filter Include="win32\include">
      <UniqueIdentifier>{5756b986-4a3e-4423-a1f6-7ed160782da0}</UniqueIdentifier>
    </Filter>
    <Filter Include="qyCommProc_open">
      <UniqueIdentifier>{f90996bc-2a73-41af-a6e9-e9f41ce58a1d}</UniqueIdentifier>
    </Filter>
  </ItemGroup>
  <ItemGroup>
    <ClCompile Include="dllmain.cpp">
      <Filter>Source Files</Filter>
    </ClCompile>
    <ClCompile Include="public\qyNullRenderer.cpp">
      <Filter>Source Files</Filter>
    </ClCompile>
    <ClCompile Include="public\qySampleGrabber.cpp">
      <Filter>Source Files</Filter>
    </ClCompile>
    <ClCompile Include="public\qyVCam.cpp">
      <Filter>Source Files</Filter>
    </ClCompile>
    <ClCompile Include="public\qyVCam_dllmain.cpp">
      <Filter>Source Files</Filter>
    </ClCompile>
    <ClCompile Include="stdafx.cpp">
      <Filter>Source Files</Filter>
    </ClCompile>
    <ClCompile Include="..\..\..\qyCommProc\genericqueue.cpp">
      <Filter>qyCommProc</Filter>
    </ClCompile>
    <ClCompile Include="..\..\..\qyCommProc\qyCommProc.cpp">
      <Filter>qyCommProc</Filter>
    </ClCompile>
    <ClCompile Include="..\..\..\qyCommProc\qyShowInfoCommProc.cpp">
      <Filter>qyCommProc</Filter>
    </ClCompile>
    <ClCompile Include="..\..\..\qyCommProc\qySyncCommProc.cpp">
      <Filter>qyCommProc</Filter>
    </ClCompile>
    <ClCompile Include="..\..\..\qyCommProc\qyTmpMemory.cpp">
      <Filter>qyCommProc</Filter>
    </ClCompile>
    <ClCompile Include="..\..\..\qyCommProc_mis\qyq2.cpp">
      <Filter>qyCommProc_mis</Filter>
    </ClCompile>
    <ClCompile Include="..\..\..\..\qyOpen\qyCommProc_open\qySyncObj.cpp">
      <Filter>qyCommProc_open</Filter>
    </ClCompile>
    <ClCompile Include="..\..\..\qyCustom\qyCustom.cpp">
      <Filter>qyCustom</Filter>
    </ClCompile>
    <ClCompile Include="..\..\..\qyCommProc\qyDmItemCommProc.cpp">
      <Filter>qyCommProc</Filter>
    </ClCompile>
    <ClCompile Include="..\..\..\qyCommProc\qyShowInfo1.cpp">
      <Filter>qyCommProc</Filter>
    </ClCompile>
  </ItemGroup>
  <ItemGroup>
    <None Include="qySampleGrabber.def">
      <Filter>Source Files</Filter>
    </None>
    <None Include="ReadMe.txt" />
  </ItemGroup>
  <ItemGroup>
    <ClInclude Include="include\qyNullRenderer.h">
      <Filter>Header Files</Filter>
    </ClInclude>
    <ClInclude Include="include\qysamplegrabber.h">
      <Filter>Header Files</Filter>
    </ClInclude>
    <ClInclude Include="include\qySampleGrabberPublic.h">
      <Filter>Header Files</Filter>
    </ClInclude>
    <ClInclude Include="include\qyVCam.h">
      <Filter>Header Files</Filter>
    </ClInclude>
    <ClInclude Include="resource.h">
      <Filter>Header Files</Filter>
    </ClInclude>
    <ClInclude Include="stdafx.h">
      <Filter>Header Files</Filter>
    </ClInclude>
    <ClInclude Include="targetver.h">
      <Filter>Header Files</Filter>
    </ClInclude>
  </ItemGroup>
  <ItemGroup>
    <ResourceCompile Include="qySampleGrabber.rc">
      <Filter>Resource Files</Filter>
    </ResourceCompile>
  </ItemGroup>
</Project>